
Microsoft Visual Studio Solution File, Format Version 12.00
# Visual Studio Version 17
VisualStudioVersion = 17.3.32922.545
MinimumVisualStudioVersion = 10.0.40219.1
Project("{9A19103F-16F7-4668-BE54-9A1E7A4F7556}") = "TungLD.APIs", "TungLD.APIs\TungLD.APIs.csproj", "{AE9E43E7-90F3-4236-B1A9-139F99A07C31}"
EndProject
Project("{9A19103F-16F7-4668-BE54-9A1E7A4F7556}") = "TungLD.Models", "TungLD.Models\TungLD.Models.csproj", "{4C1804A9-82C0-4D35-A4F8-85E8DE1F6EF3}"
EndProject
Project("{9A19103F-16F7-4668-BE54-9A1E7A4F7556}") = "TungLD.Services", "TungLD.Services\TungLD.Services.csproj", "{5E40E0D6-8FBC-4FD2-B30B-7A4167F6E560}"
EndProject
Project("{FAE04EC0-301F-11D3-BF4B-00C04F79EFBC}") = "TungLD.DAL", "TungLD.DAL\TungLD.DAL.csproj", "{0E4DFA56-5C37-45C1-B260-D94C52D14751}"
EndProject
Global
	GlobalSection(SolutionConfigurationPlatforms) = preSolution
		Debug|Any CPU = Debug|Any CPU
		Release|Any CPU = Release|Any CPU
	EndGlobalSection
	GlobalSection(ProjectConfigurationPlatforms) = postSolution
		{AE9E43E7-90F3-4236-B1A9-139F99A07C31}.Debug|Any CPU.ActiveCfg = Debug|Any CPU
		{AE9E43E7-90F3-4236-B1A9-139F99A07C31}.Debug|Any CPU.Build.0 = Debug|Any CPU
		{AE9E43E7-90F3-4236-B1A9-139F99A07C31}.Release|Any CPU.ActiveCfg = Release|Any CPU
		{AE9E43E7-90F3-4236-B1A9-139F99A07C31}.Release|Any CPU.Build.0 = Release|Any CPU
		{4C1804A9-82C0-4D35-A4F8-85E8DE1F6EF3}.Debug|Any CPU.ActiveCfg = Debug|Any CPU
		{4C1804A9-82C0-4D35-A4F8-85E8DE1F6EF3}.Debug|Any CPU.Build.0 = Debug|Any CPU
		{4C1804A9-82C0-4D35-A4F8-85E8DE1F6EF3}.Release|Any CPU.ActiveCfg = Release|Any CPU
		{4C1804A9-82C0-4D35-A4F8-85E8DE1F6EF3}.Release|Any CPU.Build.0 = Release|Any CPU
		{5E40E0D6-8FBC-4FD2-B30B-7A4167F6E560}.Debug|Any CPU.ActiveCfg = Debug|Any CPU
		{5E40E0D6-8FBC-4FD2-B30B-7A4167F6E560}.Debug|Any CPU.Build.0 = Debug|Any CPU
		{5E40E0D6-8FBC-4FD2-B30B-7A4167F6E560}.Release|Any CPU.ActiveCfg = Release|Any CPU
		{5E40E0D6-8FBC-4FD2-B30B-7A4167F6E560}.Release|Any CPU.Build.0 = Release|Any CPU
		{0E4DFA56-5C37-45C1-B260-D94C52D14751}.Debug|Any CPU.ActiveCfg = Debug|Any CPU
		{0E4DFA56-5C37-45C1-B260-D94C52D14751}.Debug|Any CPU.Build.0 = Debug|Any CPU
		{0E4DFA56-5C37-45C1-B260-D94C52D14751}.Release|Any CPU.ActiveCfg = Release|Any CPU
		{0E4DFA56-5C37-45C1-B260-D94C52D14751}.Release|Any CPU.Build.0 = Release|Any CPU
	EndGlobalSection
	GlobalSection(SolutionProperties) = preSolution
		HideSolutionNode = FALSE
	EndGlobalSection
	GlobalSection(ExtensibilityGlobals) = postSolution
		SolutionGuid = {49854723-2A7E-4884-8EFE-6625265239B1}
	EndGlobalSection
EndGlobal
